
Microsoft Visual Studio Solution File, Format Version 12.00
# Visual Studio Version 17
VisualStudioVersion = 17.6.33815.320
MinimumVisualStudioVersion = 10.0.40219.1
Project("{9A19103F-16F7-4668-BE54-9A1E7A4F7556}") = "GorimoozeWallet", "GorimoozeWallet\GorimoozeWallet.csproj", "{4756D7B8-4269-4A92-AADC-748770B3036F}"
EndProject
Project("{FAE04EC0-301F-11D3-BF4B-00C04F79EFBC}") = "GorimoozeWallet.Common", "GorimoozeWallet.Common\GorimoozeWallet.Common.csproj", "{A5AADD93-D8FD-48EB-8CA7-030D4A216149}"
EndProject
Global
	GlobalSection(SolutionConfigurationPlatforms) = preSolution
		Debug|Any CPU = Debug|Any CPU
		Release|Any CPU = Release|Any CPU
	EndGlobalSection
	GlobalSection(ProjectConfigurationPlatforms) = postSolution
		{4756D7B8-4269-4A92-AADC-748770B3036F}.Debug|Any CPU.ActiveCfg = Debug|Any CPU
		{4756D7B8-4269-4A92-AADC-748770B3036F}.Debug|Any CPU.Build.0 = Debug|Any CPU
		{4756D7B8-4269-4A92-AADC-748770B3036F}.Release|Any CPU.ActiveCfg = Release|Any CPU
		{4756D7B8-4269-4A92-AADC-748770B3036F}.Release|Any CPU.Build.0 = Release|Any CPU
		{A5AADD93-D8FD-48EB-8CA7-030D4A216149}.Debug|Any CPU.ActiveCfg = Debug|Any CPU
		{A5AADD93-D8FD-48EB-8CA7-030D4A216149}.Debug|Any CPU.Build.0 = Debug|Any CPU
		{A5AADD93-D8FD-48EB-8CA7-030D4A216149}.Release|Any CPU.ActiveCfg = Release|Any CPU
		{A5AADD93-D8FD-48EB-8CA7-030D4A216149}.Release|Any CPU.Build.0 = Release|Any CPU
	EndGlobalSection
	GlobalSection(SolutionProperties) = preSolution
		HideSolutionNode = FALSE
	EndGlobalSection
	GlobalSection(ExtensibilityGlobals) = postSolution
		SolutionGuid = {FF67B959-94B8-4681-9CED-A9DC02322593}
	EndGlobalSection
EndGlobal
